// !$*UTF8*$!
{
	archiveVersion = 1;
	classes = {
	};
	objectVersion = 51;
	objects = {

/* Begin PBXBuildFile section */
		0480FEE82580A77F00D6D914 /* ORWeakPropertyAndIvar.m in Sources */ = {isa = PBXBuildFile; fileRef = 0480FEE72580A77F00D6D914 /* ORWeakPropertyAndIvar.m */; };
		04A634D125E4AB5A00DB31A6 /* ORRecoverClass.m in Sources */ = {isa = PBXBuildFile; fileRef = 04A634C925E4A79300DB31A6 /* ORRecoverClass.m */; };
		17C0530A274F338300EB0BB2 /* TestFakeModel.m in Sources */ = {isa = PBXBuildFile; fileRef = 17C05309274F338300EB0BB2 /* TestFakeModel.m */; };
		18C746632679EFB700317C75 /* ORParserForTest.m in Sources */ = {isa = PBXBuildFile; fileRef = 18C746622679EFB700317C75 /* ORParserForTest.m */; };
		32C54D1C256B4E6D00D067A2 /* jsonpatch in Resources */ = {isa = PBXBuildFile; fileRef = 32C54D1B256B4E6D00D067A2 /* jsonpatch */; };
		D71B1056F7894677E4150783 /* Pods_OCRunnerDemo.framework in Frameworks */ = {isa = PBXBuildFile; fileRef = 4A0001072323984F1566D9A7 /* Pods_OCRunnerDemo.framework */; };
		EE3EDC2A26723EBE002ADC1E /* binarypatch in Resources */ = {isa = PBXBuildFile; fileRef = EE3EDC2926723EBE002ADC1E /* binarypatch */; };
		EE480E9324794CDA003E4970 /* AppDelegate.m in Sources */ = {isa = PBXBuildFile; fileRef = EE480E9224794CDA003E4970 /* AppDelegate.m */; };
		EE480E9924794CDA003E4970 /* ViewController.m in Sources */ = {isa = PBXBuildFile; fileRef = EE480E9824794CDA003E4970 /* ViewController.m */; };
		EE480E9C24794CDA003E4970 /* Main.storyboard in Resources */ = {isa = PBXBuildFile; fileRef = EE480E9A24794CDA003E4970 /* Main.storyboard */; };
		EE480E9E24794CDB003E4970 /* Assets.xcassets in Resources */ = {isa = PBXBuildFile; fileRef = EE480E9D24794CDB003E4970 /* Assets.xcassets */; };
		EE480EA124794CDB003E4970 /* LaunchScreen.storyboard in Resources */ = {isa = PBXBuildFile; fileRef = EE480E9F24794CDB003E4970 /* LaunchScreen.storyboard */; };
		EE480EA424794CDB003E4970 /* main.m in Sources */ = {isa = PBXBuildFile; fileRef = EE480EA324794CDB003E4970 /* main.m */; };
		EE48547F263ACB5D0080AE07 /* SwiftViewController1.swift in Sources */ = {isa = PBXBuildFile; fileRef = EE48547D263ACB5D0080AE07 /* SwiftViewController1.swift */; };
		EE485480263ACB5D0080AE07 /* SwiftViewController1.xib in Resources */ = {isa = PBXBuildFile; fileRef = EE48547E263ACB5D0080AE07 /* SwiftViewController1.xib */; };
		EE66C0C224FEAC0F00C85B31 /* Scripts.bundle in Resources */ = {isa = PBXBuildFile; fileRef = EE66C0C124FEAC0F00C85B31 /* Scripts.bundle */; };
		EEBF333E248E848100DDE2E9 /* OCRunnerTests.swift in Sources */ = {isa = PBXBuildFile; fileRef = EEBF333D248E848100DDE2E9 /* OCRunnerTests.swift */; };
		EEBF334C248E84AA00DDE2E9 /* ORCallOCPropertyBlockTest.m in Sources */ = {isa = PBXBuildFile; fileRef = EEBF3340248E84A900DDE2E9 /* ORCallOCPropertyBlockTest.m */; };
		EEBF334D248E84AA00DDE2E9 /* ORCallSuperNoArgTest.m in Sources */ = {isa = PBXBuildFile; fileRef = EEBF3343248E84A900DDE2E9 /* ORCallSuperNoArgTest.m */; };
		EEBF334E248E84AA00DDE2E9 /* ORTestClassProperty.m in Sources */ = {isa = PBXBuildFile; fileRef = EEBF3344248E84A900DDE2E9 /* ORTestClassProperty.m */; };
		EEBF334F248E84AA00DDE2E9 /* ORTestClassIvar.m in Sources */ = {isa = PBXBuildFile; fileRef = EEBF3347248E84A900DDE2E9 /* ORTestClassIvar.m */; };
		EEBF3350248E84AA00DDE2E9 /* ORGCDTests.m in Sources */ = {isa = PBXBuildFile; fileRef = EEBF3348248E84A900DDE2E9 /* ORGCDTests.m */; };
		EEBF3351248E84AA00DDE2E9 /* ORTestReplaceClass.m in Sources */ = {isa = PBXBuildFile; fileRef = EEBF334A248E84A900DDE2E9 /* ORTestReplaceClass.m */; };
		EEBF3353248E84D100DDE2E9 /* ORTestWithObjc.m in Sources */ = {isa = PBXBuildFile; fileRef = EEBF3352248E84D100DDE2E9 /* ORTestWithObjc.m */; };
		EECD490D28AA831B00253282 /* ORHookNatvieMultiSuperCall.m in Sources */ = {isa = PBXBuildFile; fileRef = EECD490C28AA831B00253282 /* ORHookNatvieMultiSuperCall.m */; };
		EEF1527D24DE867400574FA7 /* ORCoreFunctionTests.m in Sources */ = {isa = PBXBuildFile; fileRef = EEF1527C24DE867400574FA7 /* ORCoreFunctionTests.m */; };
		EEF439342620030E0058B805 /* SwiftViewController.swift in Sources */ = {isa = PBXBuildFile; fileRef = EEF439332620030E0058B805 /* SwiftViewController.swift */; };
		FC281C0D85B4B7B6A9A7B598 /* Pods_OCRunnerDemoTests.framework in Frameworks */ = {isa = PBXBuildFile; fileRef = A467A8D72C17536B47CC6E64 /* Pods_OCRunnerDemoTests.framework */; };
/* End PBXBuildFile section */

/* Begin PBXContainerItemProxy section */
		EE480EAA24794CDB003E4970 /* PBXContainerItemProxy */ = {
			isa = PBXContainerItemProxy;
			containerPortal = EE480E8624794CDA003E4970 /* Project object */;
			proxyType = 1;
			remoteGlobalIDString = EE480E8D24794CDA003E4970;
			remoteInfo = OCRunnerDemo;
		};
/* End PBXContainerItemProxy section */

/* Begin PBXFileReference section */
		038B17776BFE18A7DEB3184D /* Pods-OCRunnerDemo-OCRunnerDemoTests.release.xcconfig */ = {isa = PBXFileReference; includeInIndex = 1; lastKnownFileType = text.xcconfig; name = "Pods-OCRunnerDemo-OCRunnerDemoTests.release.xcconfig"; path = "Target Support Files/Pods-OCRunnerDemo-OCRunnerDemoTests/Pods-OCRunnerDemo-OCRunnerDemoTests.release.xcconfig"; sourceTree = "<group>"; };
		0480FEE62580A77F00D6D914 /* ORWeakPropertyAndIvar.h */ = {isa = PBXFileReference; lastKnownFileType = sourcecode.c.h; path = ORWeakPropertyAndIvar.h; sourceTree = "<group>"; };
		0480FEE72580A77F00D6D914 /* ORWeakPropertyAndIvar.m */ = {isa = PBXFileReference; lastKnownFileType = sourcecode.c.objc; path = ORWeakPropertyAndIvar.m; sourceTree = "<group>"; };
		04A634C825E4A79300DB31A6 /* ORRecoverClass.h */ = {isa = PBXFileReference; lastKnownFileType = sourcecode.c.h; path = ORRecoverClass.h; sourceTree = "<group>"; };
		04A634C925E4A79300DB31A6 /* ORRecoverClass.m */ = {isa = PBXFileReference; lastKnownFileType = sourcecode.c.objc; path = ORRecoverClass.m; sourceTree = "<group>"; };
		0EA667C064BFFB79847D34F5 /* Pods-OCRunnerDemoTests.release.xcconfig */ = {isa = PBXFileReference; includeInIndex = 1; lastKnownFileType = text.xcconfig; name = "Pods-OCRunnerDemoTests.release.xcconfig"; path = "Target Support Files/Pods-OCRunnerDemoTests/Pods-OCRunnerDemoTests.release.xcconfig"; sourceTree = "<group>"; };
		17C05308274F338300EB0BB2 /* TestFakeModel.h */ = {isa = PBXFileReference; lastKnownFileType = sourcecode.c.h; path = TestFakeModel.h; sourceTree = "<group>"; };
		17C05309274F338300EB0BB2 /* TestFakeModel.m */ = {isa = PBXFileReference; lastKnownFileType = sourcecode.c.objc; path = TestFakeModel.m; sourceTree = "<group>"; };
		18C746612679EFB700317C75 /* ORParserForTest.h */ = {isa = PBXFileReference; lastKnownFileType = sourcecode.c.h; path = ORParserForTest.h; sourceTree = "<group>"; };
		18C746622679EFB700317C75 /* ORParserForTest.m */ = {isa = PBXFileReference; lastKnownFileType = sourcecode.c.objc; path = ORParserForTest.m; sourceTree = "<group>"; };
		1C9D422B1CDEE6B7B4FBECF4 /* Pods-OCRunnerDemo-OCRunnerDemoUITests.release.xcconfig */ = {isa = PBXFileReference; includeInIndex = 1; lastKnownFileType = text.xcconfig; name = "Pods-OCRunnerDemo-OCRunnerDemoUITests.release.xcconfig"; path = "Target Support Files/Pods-OCRunnerDemo-OCRunnerDemoUITests/Pods-OCRunnerDemo-OCRunnerDemoUITests.release.xcconfig"; sourceTree = "<group>"; };
		2566C827C6925E5FB35FC01D /* Pods_OCRunnerDemo_OCRunnerDemoUITests.framework */ = {isa = PBXFileReference; explicitFileType = wrapper.framework; includeInIndex = 0; path = Pods_OCRunnerDemo_OCRunnerDemoUITests.framework; sourceTree = BUILT_PRODUCTS_DIR; };
		3241B9612545363F000302CF /* HotViewcontroller.m */ = {isa = PBXFileReference; lastKnownFileType = sourcecode.c.objc; path = HotViewcontroller.m; sourceTree = "<group>"; };
		32C54D1B256B4E6D00D067A2 /* jsonpatch */ = {isa = PBXFileReference; fileEncoding = 4; lastKnownFileType = text; path = jsonpatch; sourceTree = "<group>"; };
		3489C29640E3FB1F05C6053D /* Pods-OCRunnerDemo-OCRunnerDemoUITests.debug.xcconfig */ = {isa = PBXFileReference; includeInIndex = 1; lastKnownFileType = text.xcconfig; name = "Pods-OCRunnerDemo-OCRunnerDemoUITests.debug.xcconfig"; path = "Target Support Files/Pods-OCRunnerDemo-OCRunnerDemoUITests/Pods-OCRunnerDemo-OCRunnerDemoUITests.debug.xcconfig"; sourceTree = "<group>"; };
		4A0001072323984F1566D9A7 /* Pods_OCRunnerDemo.framework */ = {isa = PBXFileReference; explicitFileType = wrapper.framework; includeInIndex = 0; path = Pods_OCRunnerDemo.framework; sourceTree = BUILT_PRODUCTS_DIR; };
		67BDCC0265C38B9F51A32E8C /* Pods-OCRunnerDemo.debug.xcconfig */ = {isa = PBXFileReference; includeInIndex = 1; lastKnownFileType = text.xcconfig; name = "Pods-OCRunnerDemo.debug.xcconfig"; path = "Target Support Files/Pods-OCRunnerDemo/Pods-OCRunnerDemo.debug.xcconfig"; sourceTree = "<group>"; };
		78A59A40FE631D2A2F858AB7 /* Pods-OCRunnerDemoTests.debug.xcconfig */ = {isa = PBXFileReference; includeInIndex = 1; lastKnownFileType = text.xcconfig; name = "Pods-OCRunnerDemoTests.debug.xcconfig"; path = "Target Support Files/Pods-OCRunnerDemoTests/Pods-OCRunnerDemoTests.debug.xcconfig"; sourceTree = "<group>"; };
		8F8A43BAE2E8071D293A5DBF /* Pods-OCRunnerDemo-OCRunnerDemoTests.debug.xcconfig */ = {isa = PBXFileReference; includeInIndex = 1; lastKnownFileType = text.xcconfig; name = "Pods-OCRunnerDemo-OCRunnerDemoTests.debug.xcconfig"; path = "Target Support Files/Pods-OCRunnerDemo-OCRunnerDemoTests/Pods-OCRunnerDemo-OCRunnerDemoTests.debug.xcconfig"; sourceTree = "<group>"; };
		A467A8D72C17536B47CC6E64 /* Pods_OCRunnerDemoTests.framework */ = {isa = PBXFileReference; explicitFileType = wrapper.framework; includeInIndex = 0; path = Pods_OCRunnerDemoTests.framework; sourceTree = BUILT_PRODUCTS_DIR; };
		D815354F6FF5505A909B20C9 /* Pods-OCRunnerDemo.release.xcconfig */ = {isa = PBXFileReference; includeInIndex = 1; lastKnownFileType = text.xcconfig; name = "Pods-OCRunnerDemo.release.xcconfig"; path = "Target Support Files/Pods-OCRunnerDemo/Pods-OCRunnerDemo.release.xcconfig"; sourceTree = "<group>"; };
		EE3EDC2926723EBE002ADC1E /* binarypatch */ = {isa = PBXFileReference; lastKnownFileType = text; path = binarypatch; sourceTree = "<group>"; };
		EE480E8E24794CDA003E4970 /* OCRunnerDemo.app */ = {isa = PBXFileReference; explicitFileType = wrapper.application; includeInIndex = 0; path = OCRunnerDemo.app; sourceTree = BUILT_PRODUCTS_DIR; };
		EE480E9124794CDA003E4970 /* AppDelegate.h */ = {isa = PBXFileReference; lastKnownFileType = sourcecode.c.h; path = AppDelegate.h; sourceTree = "<group>"; };
		EE480E9224794CDA003E4970 /* AppDelegate.m */ = {isa = PBXFileReference; lastKnownFileType = sourcecode.c.objc; path = AppDelegate.m; sourceTree = "<group>"; };
		EE480E9724794CDA003E4970 /* ViewController.h */ = {isa = PBXFileReference; lastKnownFileType = sourcecode.c.h; path = ViewController.h; sourceTree = "<group>"; };
		EE480E9824794CDA003E4970 /* ViewController.m */ = {isa = PBXFileReference; lastKnownFileType = sourcecode.c.objc; path = ViewController.m; sourceTree = "<group>"; };
		EE480E9B24794CDA003E4970 /* Base */ = {isa = PBXFileReference; lastKnownFileType = file.storyboard; name = Base; path = Base.lproj/Main.storyboard; sourceTree = "<group>"; };
		EE480E9D24794CDB003E4970 /* Assets.xcassets */ = {isa = PBXFileReference; lastKnownFileType = folder.assetcatalog; path = Assets.xcassets; sourceTree = "<group>"; };
		EE480EA024794CDB003E4970 /* Base */ = {isa = PBXFileReference; lastKnownFileType = file.storyboard; name = Base; path = Base.lproj/LaunchScreen.storyboard; sourceTree = "<group>"; };
		EE480EA224794CDB003E4970 /* Info.plist */ = {isa = PBXFileReference; lastKnownFileType = text.plist.xml; path = Info.plist; sourceTree = "<group>"; };
		EE480EA324794CDB003E4970 /* main.m */ = {isa = PBXFileReference; lastKnownFileType = sourcecode.c.objc; path = main.m; sourceTree = "<group>"; };
		EE480EA924794CDB003E4970 /* OCRunnerDemoTests.xctest */ = {isa = PBXFileReference; explicitFileType = wrapper.cfbundle; includeInIndex = 0; path = OCRunnerDemoTests.xctest; sourceTree = BUILT_PRODUCTS_DIR; };
		EE480EAF24794CDB003E4970 /* Info.plist */ = {isa = PBXFileReference; lastKnownFileType = text.plist.xml; path = Info.plist; sourceTree = "<group>"; };
		EE48547D263ACB5D0080AE07 /* SwiftViewController1.swift */ = {isa = PBXFileReference; lastKnownFileType = sourcecode.swift; path = SwiftViewController1.swift; sourceTree = "<group>"; };
		EE48547E263ACB5D0080AE07 /* SwiftViewController1.xib */ = {isa = PBXFileReference; lastKnownFileType = file.xib; path = SwiftViewController1.xib; sourceTree = "<group>"; };
		EE50145724890C9200B463BB /* oc2mangoLib.framework */ = {isa = PBXFileReference; explicitFileType = wrapper.framework; path = oc2mangoLib.framework; sourceTree = BUILT_PRODUCTS_DIR; };
		EE66C09E24FE95D600C85B31 /* ViewController1.m */ = {isa = PBXFileReference; lastKnownFileType = sourcecode.c.objc; path = ViewController1.m; sourceTree = "<group>"; };
		EE66C0BD24FEA97000C85B31 /* Scripts.bundle */ = {isa = PBXFileReference; lastKnownFileType = "wrapper.plug-in"; path = Scripts.bundle; sourceTree = "<group>"; };
		EE66C0C124FEAC0F00C85B31 /* Scripts.bundle */ = {isa = PBXFileReference; lastKnownFileType = "wrapper.plug-in"; name = Scripts.bundle; path = OCRunnerDemo/Scripts.bundle; sourceTree = SOURCE_ROOT; };
		EEBF3312248E61FC00DDE2E9 /* OCRunnerDemoTests-Bridging-Header.h */ = {isa = PBXFileReference; lastKnownFileType = sourcecode.c.h; path = "OCRunnerDemoTests-Bridging-Header.h"; sourceTree = "<group>"; };
		EEBF333D248E848100DDE2E9 /* OCRunnerTests.swift */ = {isa = PBXFileReference; fileEncoding = 4; lastKnownFileType = sourcecode.swift; name = OCRunnerTests.swift; path = ../../OCRunnerTests/OCRunnerTests.swift; sourceTree = "<group>"; };
		EEBF3340248E84A900DDE2E9 /* ORCallOCPropertyBlockTest.m */ = {isa = PBXFileReference; fileEncoding = 4; lastKnownFileType = sourcecode.c.objc; path = ORCallOCPropertyBlockTest.m; sourceTree = "<group>"; };
		EEBF3341248E84A900DDE2E9 /* ORGCDTests.h */ = {isa = PBXFileReference; fileEncoding = 4; lastKnownFileType = sourcecode.c.h; path = ORGCDTests.h; sourceTree = "<group>"; };
		EEBF3342248E84A900DDE2E9 /* ORTestClassIvar.h */ = {isa = PBXFileReference; fileEncoding = 4; lastKnownFileType = sourcecode.c.h; path = ORTestClassIvar.h; sourceTree = "<group>"; };
		EEBF3343248E84A900DDE2E9 /* ORCallSuperNoArgTest.m */ = {isa = PBXFileReference; fileEncoding = 4; lastKnownFileType = sourcecode.c.objc; path = ORCallSuperNoArgTest.m; sourceTree = "<group>"; };
		EEBF3344248E84A900DDE2E9 /* ORTestClassProperty.m */ = {isa = PBXFileReference; fileEncoding = 4; lastKnownFileType = sourcecode.c.objc; path = ORTestClassProperty.m; sourceTree = "<group>"; };
		EEBF3345248E84A900DDE2E9 /* ORTestReplaceClass.h */ = {isa = PBXFileReference; fileEncoding = 4; lastKnownFileType = sourcecode.c.h; path = ORTestReplaceClass.h; sourceTree = "<group>"; };
		EEBF3346248E84A900DDE2E9 /* ORCallOCPropertyBlockTest.h */ = {isa = PBXFileReference; fileEncoding = 4; lastKnownFileType = sourcecode.c.h; path = ORCallOCPropertyBlockTest.h; sourceTree = "<group>"; };
		EEBF3347248E84A900DDE2E9 /* ORTestClassIvar.m */ = {isa = PBXFileReference; fileEncoding = 4; lastKnownFileType = sourcecode.c.objc; path = ORTestClassIvar.m; sourceTree = "<group>"; };
		EEBF3348248E84A900DDE2E9 /* ORGCDTests.m */ = {isa = PBXFileReference; fileEncoding = 4; lastKnownFileType = sourcecode.c.objc; path = ORGCDTests.m; sourceTree = "<group>"; };
		EEBF3349248E84A900DDE2E9 /* ORCallSuperNoArgTest.h */ = {isa = PBXFileReference; fileEncoding = 4; lastKnownFileType = sourcecode.c.h; path = ORCallSuperNoArgTest.h; sourceTree = "<group>"; };
		EEBF334A248E84A900DDE2E9 /* ORTestReplaceClass.m */ = {isa = PBXFileReference; fileEncoding = 4; lastKnownFileType = sourcecode.c.objc; path = ORTestReplaceClass.m; sourceTree = "<group>"; };
		EEBF334B248E84A900DDE2E9 /* ORTestClassProperty.h */ = {isa = PBXFileReference; fileEncoding = 4; lastKnownFileType = sourcecode.c.h; path = ORTestClassProperty.h; sourceTree = "<group>"; };
		EEBF3352248E84D100DDE2E9 /* ORTestWithObjc.m */ = {isa = PBXFileReference; fileEncoding = 4; lastKnownFileType = sourcecode.c.objc; name = ORTestWithObjc.m; path = ../../OCRunnerTests/ORTestWithObjc.m; sourceTree = "<group>"; };
		EECD490B28AA831B00253282 /* ORHookNatvieMultiSuperCall.h */ = {isa = PBXFileReference; lastKnownFileType = sourcecode.c.h; path = ORHookNatvieMultiSuperCall.h; sourceTree = "<group>"; };
		EECD490C28AA831B00253282 /* ORHookNatvieMultiSuperCall.m */ = {isa = PBXFileReference; lastKnownFileType = sourcecode.c.objc; path = ORHookNatvieMultiSuperCall.m; sourceTree = "<group>"; };
		EEF1527C24DE867400574FA7 /* ORCoreFunctionTests.m */ = {isa = PBXFileReference; fileEncoding = 4; lastKnownFileType = sourcecode.c.objc; name = ORCoreFunctionTests.m; path = ../../OCRunnerTests/ORCoreFunctionTests.m; sourceTree = "<group>"; };
		EEF439322620030D0058B805 /* OCRunnerDemo-Bridging-Header.h */ = {isa = PBXFileReference; lastKnownFileType = sourcecode.c.h; path = "OCRunnerDemo-Bridging-Header.h"; sourceTree = "<group>"; };
		EEF439332620030E0058B805 /* SwiftViewController.swift */ = {isa = PBXFileReference; lastKnownFileType = sourcecode.swift; path = SwiftViewController.swift; sourceTree = "<group>"; };
/* End PBXFileReference section */

/* Begin PBXFrameworksBuildPhase section */
		EE480E8B24794CDA003E4970 /* Frameworks */ = {
			isa = PBXFrameworksBuildPhase;
			buildActionMask = 2147483647;
			files = (
				D71B1056F7894677E4150783 /* Pods_OCRunnerDemo.framework in Frameworks */,
			);
			runOnlyForDeploymentPostprocessing = 0;
		};
		EE480EA624794CDB003E4970 /* Frameworks */ = {
			isa = PBXFrameworksBuildPhase;
			buildActionMask = 2147483647;
			files = (
				FC281C0D85B4B7B6A9A7B598 /* Pods_OCRunnerDemoTests.framework in Frameworks */,
			);
			runOnlyForDeploymentPostprocessing = 0;
		};
/* End PBXFrameworksBuildPhase section */

/* Begin PBXGroup section */
		0B3C452CA54AFCA2AC30571D /* Pods */ = {
			isa = PBXGroup;
			children = (
				67BDCC0265C38B9F51A32E8C /* Pods-OCRunnerDemo.debug.xcconfig */,
				D815354F6FF5505A909B20C9 /* Pods-OCRunnerDemo.release.xcconfig */,
				3489C29640E3FB1F05C6053D /* Pods-OCRunnerDemo-OCRunnerDemoUITests.debug.xcconfig */,
				1C9D422B1CDEE6B7B4FBECF4 /* Pods-OCRunnerDemo-OCRunnerDemoUITests.release.xcconfig */,
				78A59A40FE631D2A2F858AB7 /* Pods-OCRunnerDemoTests.debug.xcconfig */,
				0EA667C064BFFB79847D34F5 /* Pods-OCRunnerDemoTests.release.xcconfig */,
				8F8A43BAE2E8071D293A5DBF /* Pods-OCRunnerDemo-OCRunnerDemoTests.debug.xcconfig */,
				038B17776BFE18A7DEB3184D /* Pods-OCRunnerDemo-OCRunnerDemoTests.release.xcconfig */,
			);
			path = Pods;
			sourceTree = "<group>";
		};
		3241B960254535F3000302CF /* HotPath */ = {
			isa = PBXGroup;
			children = (
				EE66C09E24FE95D600C85B31 /* ViewController1.m */,
				3241B9612545363F000302CF /* HotViewcontroller.m */,
			);
			path = HotPath;
			sourceTree = "<group>";
		};
		EE480E8524794CDA003E4970 = {
			isa = PBXGroup;
			children = (
				EE480E9024794CDA003E4970 /* OCRunnerDemo */,
				EE480EAC24794CDB003E4970 /* OCRunnerDemoTests */,
				EE480E8F24794CDA003E4970 /* Products */,
				EE480ED124794CF8003E4970 /* Frameworks */,
				0B3C452CA54AFCA2AC30571D /* Pods */,
			);
			sourceTree = "<group>";
		};
		EE480E8F24794CDA003E4970 /* Products */ = {
			isa = PBXGroup;
			children = (
				EE480E8E24794CDA003E4970 /* OCRunnerDemo.app */,
				EE480EA924794CDB003E4970 /* OCRunnerDemoTests.xctest */,
			);
			name = Products;
			sourceTree = "<group>";
		};
		EE480E9024794CDA003E4970 /* OCRunnerDemo */ = {
			isa = PBXGroup;
			children = (
				EE480E9124794CDA003E4970 /* AppDelegate.h */,
				EE480E9224794CDA003E4970 /* AppDelegate.m */,
				EEF439332620030E0058B805 /* SwiftViewController.swift */,
				EE48547D263ACB5D0080AE07 /* SwiftViewController1.swift */,
				EE48547E263ACB5D0080AE07 /* SwiftViewController1.xib */,
				3241B960254535F3000302CF /* HotPath */,
				32C54D1B256B4E6D00D067A2 /* jsonpatch */,
				EE3EDC2926723EBE002ADC1E /* binarypatch */,
				EE480E9724794CDA003E4970 /* ViewController.h */,
				EE480E9824794CDA003E4970 /* ViewController.m */,
				EE66C0BD24FEA97000C85B31 /* Scripts.bundle */,
				EE480E9A24794CDA003E4970 /* Main.storyboard */,
				EE480E9D24794CDB003E4970 /* Assets.xcassets */,
				EE480E9F24794CDB003E4970 /* LaunchScreen.storyboard */,
				EE480EA224794CDB003E4970 /* Info.plist */,
				EE480EA324794CDB003E4970 /* main.m */,
				EEF439322620030D0058B805 /* OCRunnerDemo-Bridging-Header.h */,
			);
			path = OCRunnerDemo;
			sourceTree = "<group>";
		};
		EE480EAC24794CDB003E4970 /* OCRunnerDemoTests */ = {
			isa = PBXGroup;
			children = (
				EE66C0C124FEAC0F00C85B31 /* Scripts.bundle */,
				EE480EAF24794CDB003E4970 /* Info.plist */,
				EEBF3312248E61FC00DDE2E9 /* OCRunnerDemoTests-Bridging-Header.h */,
				EEBF333D248E848100DDE2E9 /* OCRunnerTests.swift */,
				EEF1527C24DE867400574FA7 /* ORCoreFunctionTests.m */,
				EEBF3352248E84D100DDE2E9 /* ORTestWithObjc.m */,
				18C746612679EFB700317C75 /* ORParserForTest.h */,
				18C746622679EFB700317C75 /* ORParserForTest.m */,
				EEBF333F248E84A900DDE2E9 /* TestClass */,
			);
			path = OCRunnerDemoTests;
			sourceTree = "<group>";
		};
		EE480ED124794CF8003E4970 /* Frameworks */ = {
			isa = PBXGroup;
			children = (
				EE50145724890C9200B463BB /* oc2mangoLib.framework */,
				4A0001072323984F1566D9A7 /* Pods_OCRunnerDemo.framework */,
				2566C827C6925E5FB35FC01D /* Pods_OCRunnerDemo_OCRunnerDemoUITests.framework */,
				A467A8D72C17536B47CC6E64 /* Pods_OCRunnerDemoTests.framework */,
			);
			name = Frameworks;
			sourceTree = "<group>";
		};
		EEBF333F248E84A900DDE2E9 /* TestClass */ = {
			isa = PBXGroup;
			children = (
				EEBF3346248E84A900DDE2E9 /* ORCallOCPropertyBlockTest.h */,
				EEBF3340248E84A900DDE2E9 /* ORCallOCPropertyBlockTest.m */,
				EEBF3349248E84A900DDE2E9 /* ORCallSuperNoArgTest.h */,
				EEBF3343248E84A900DDE2E9 /* ORCallSuperNoArgTest.m */,
				0480FEE62580A77F00D6D914 /* ORWeakPropertyAndIvar.h */,
				0480FEE72580A77F00D6D914 /* ORWeakPropertyAndIvar.m */,
				EEBF3341248E84A900DDE2E9 /* ORGCDTests.h */,
				EEBF3348248E84A900DDE2E9 /* ORGCDTests.m */,
				EEBF3342248E84A900DDE2E9 /* ORTestClassIvar.h */,
				EEBF3347248E84A900DDE2E9 /* ORTestClassIvar.m */,
				EEBF334B248E84A900DDE2E9 /* ORTestClassProperty.h */,
				EEBF3344248E84A900DDE2E9 /* ORTestClassProperty.m */,
				EEBF3345248E84A900DDE2E9 /* ORTestReplaceClass.h */,
				EEBF334A248E84A900DDE2E9 /* ORTestReplaceClass.m */,
				04A634C825E4A79300DB31A6 /* ORRecoverClass.h */,
				04A634C925E4A79300DB31A6 /* ORRecoverClass.m */,
				17C05308274F338300EB0BB2 /* TestFakeModel.h */,
				17C05309274F338300EB0BB2 /* TestFakeModel.m */,
				EECD490B28AA831B00253282 /* ORHookNatvieMultiSuperCall.h */,
				EECD490C28AA831B00253282 /* ORHookNatvieMultiSuperCall.m */,
			);
			name = TestClass;
			path = ../../OCRunnerTests/TestClass;
			sourceTree = "<group>";
		};
/* End PBXGroup section */

/* Begin PBXNativeTarget section */
		EE480E8D24794CDA003E4970 /* OCRunnerDemo */ = {
			isa = PBXNativeTarget;
			buildConfigurationList = EE480EBD24794CDB003E4970 /* Build configuration list for PBXNativeTarget "OCRunnerDemo" */;
			buildPhases = (
				27AA2D25C133AEBD58CE17FE /* [CP] Check Pods Manifest.lock */,
				EE480E8A24794CDA003E4970 /* Sources */,
				EE480E8B24794CDA003E4970 /* Frameworks */,
				EE66C0B824FEA72A00C85B31 /* PatchGeneratorBinary */,
				32C54D17256B4E2200D067A2 /* PatchGeneratorJson */,
				EE480E8C24794CDA003E4970 /* Resources */,
				ECC75E2B37FCA0D7E0C662E2 /* [CP] Embed Pods Frameworks */,
			);
			buildRules = (
			);
			dependencies = (
			);
			name = OCRunnerDemo;
			productName = OCRunnerDemo;
			productReference = EE480E8E24794CDA003E4970 /* OCRunnerDemo.app */;
			productType = "com.apple.product-type.application";
		};
		EE480EA824794CDB003E4970 /* OCRunnerDemoTests */ = {
			isa = PBXNativeTarget;
			buildConfigurationList = EE480EC024794CDB003E4970 /* Build configuration list for PBXNativeTarget "OCRunnerDemoTests" */;
			buildPhases = (
				1D8A25D5EAC420F74BF13C97 /* [CP] Check Pods Manifest.lock */,
				EE480EA524794CDB003E4970 /* Sources */,
				EE480EA624794CDB003E4970 /* Frameworks */,
				EE480EA724794CDB003E4970 /* Resources */,
				A21BF2CE9641117E14698C8A /* [CP] Embed Pods Frameworks */,
			);
			buildRules = (
			);
			dependencies = (
				EE480EAB24794CDB003E4970 /* PBXTargetDependency */,
			);
			name = OCRunnerDemoTests;
			productName = OCRunnerDemoTests;
			productReference = EE480EA924794CDB003E4970 /* OCRunnerDemoTests.xctest */;
			productType = "com.apple.product-type.bundle.unit-test";
		};
/* End PBXNativeTarget section */

/* Begin PBXProject section */
		EE480E8624794CDA003E4970 /* Project object */ = {
			isa = PBXProject;
			attributes = {
				CLASSPREFIX = OR;
				LastUpgradeCheck = 1150;
				ORGANIZATIONNAME = SilverFruity;
				TargetAttributes = {
					EE480E8D24794CDA003E4970 = {
						CreatedOnToolsVersion = 11.5;
						LastSwiftMigration = 1240;
					};
					EE480EA824794CDB003E4970 = {
						CreatedOnToolsVersion = 11.5;
						LastSwiftMigration = 1150;
						TestTargetID = EE480E8D24794CDA003E4970;
					};
				};
			};
			buildConfigurationList = EE480E8924794CDA003E4970 /* Build configuration list for PBXProject "OCRunnerDemo" */;
			compatibilityVersion = "Xcode 9.3";
			developmentRegion = en;
			hasScannedForEncodings = 0;
			knownRegions = (
				en,
				Base,
			);
			mainGroup = EE480E8524794CDA003E4970;
			productRefGroup = EE480E8F24794CDA003E4970 /* Products */;
			projectDirPath = "";
			projectRoot = "";
			targets = (
				EE480E8D24794CDA003E4970 /* OCRunnerDemo */,
				EE480EA824794CDB003E4970 /* OCRunnerDemoTests */,
			);
		};
/* End PBXProject section */

/* Begin PBXResourcesBuildPhase section */
		EE480E8C24794CDA003E4970 /* Resources */ = {
			isa = PBXResourcesBuildPhase;
			buildActionMask = 2147483647;
			files = (
				EE480EA124794CDB003E4970 /* LaunchScreen.storyboard in Resources */,
				EE480E9E24794CDB003E4970 /* Assets.xcassets in Resources */,
				EE485480263ACB5D0080AE07 /* SwiftViewController1.xib in Resources */,
				32C54D1C256B4E6D00D067A2 /* jsonpatch in Resources */,
				EE3EDC2A26723EBE002ADC1E /* binarypatch in Resources */,
				EE480E9C24794CDA003E4970 /* Main.storyboard in Resources */,
			);
			runOnlyForDeploymentPostprocessing = 0;
		};
		EE480EA724794CDB003E4970 /* Resources */ = {
			isa = PBXResourcesBuildPhase;
			buildActionMask = 2147483647;
			files = (
				EE66C0C224FEAC0F00C85B31 /* Scripts.bundle in Resources */,
			);
			runOnlyForDeploymentPostprocessing = 0;
		};
/* End PBXResourcesBuildPhase section */

/* Begin PBXShellScriptBuildPhase section */
		1D8A25D5EAC420F74BF13C97 /* [CP] Check Pods Manifest.lock */ = {
			isa = PBXShellScriptBuildPhase;
			buildActionMask = 2147483647;
			files = (
			);
			inputFileListPaths = (
			);
			inputPaths = (
				"${PODS_PODFILE_DIR_PATH}/Podfile.lock",
				"${PODS_ROOT}/Manifest.lock",
			);
			name = "[CP] Check Pods Manifest.lock";
			outputFileListPaths = (
			);
			outputPaths = (
				"$(DERIVED_FILE_DIR)/Pods-OCRunnerDemoTests-checkManifestLockResult.txt",
			);
			runOnlyForDeploymentPostprocessing = 0;
			shellPath = /bin/sh;
			shellScript = "diff \"${PODS_PODFILE_DIR_PATH}/Podfile.lock\" \"${PODS_ROOT}/Manifest.lock\" > /dev/null\nif [ $? != 0 ] ; then\n    # print error to STDERR\n    echo \"error: The sandbox is not in sync with the Podfile.lock. Run 'pod install' or update your CocoaPods installation.\" >&2\n    exit 1\nfi\n# This output is used by Xcode 'outputs' to avoid re-running this script phase.\necho \"SUCCESS\" > \"${SCRIPT_OUTPUT_FILE_0}\"\n";
			showEnvVarsInLog = 0;
		};
		27AA2D25C133AEBD58CE17FE /* [CP] Check Pods Manifest.lock */ = {
			isa = PBXShellScriptBuildPhase;
			buildActionMask = 2147483647;
			files = (
			);
			inputFileListPaths = (
			);
			inputPaths = (
				"${PODS_PODFILE_DIR_PATH}/Podfile.lock",
				"${PODS_ROOT}/Manifest.lock",
			);
			name = "[CP] Check Pods Manifest.lock";
			outputFileListPaths = (
			);
			outputPaths = (
				"$(DERIVED_FILE_DIR)/Pods-OCRunnerDemo-checkManifestLockResult.txt",
			);
			runOnlyForDeploymentPostprocessing = 0;
			shellPath = /bin/sh;
			shellScript = "diff \"${PODS_PODFILE_DIR_PATH}/Podfile.lock\" \"${PODS_ROOT}/Manifest.lock\" > /dev/null\nif [ $? != 0 ] ; then\n    # print error to STDERR\n    echo \"error: The sandbox is not in sync with the Podfile.lock. Run 'pod install' or update your CocoaPods installation.\" >&2\n    exit 1\nfi\n# This output is used by Xcode 'outputs' to avoid re-running this script phase.\necho \"SUCCESS\" > \"${SCRIPT_OUTPUT_FILE_0}\"\n";
			showEnvVarsInLog = 0;
		};
		32C54D17256B4E2200D067A2 /* PatchGeneratorJson */ = {
			isa = PBXShellScriptBuildPhase;
			buildActionMask = 2147483647;
			files = (
			);
			inputFileListPaths = (
			);
			inputPaths = (
			);
			name = PatchGeneratorJson;
			outputFileListPaths = (
			);
			outputPaths = (
			);
			runOnlyForDeploymentPostprocessing = 0;
			shellPath = /bin/sh;
			shellScript = "$SRCROOT/OCRunnerDemo/PatchGenerator -files $SRCROOT/OCRunnerDemo/HotPath -refs  $SRCROOT/OCRunnerDemo/Scripts.bundle -output $SRCROOT/OCRunnerDemo/jsonpatch -type json\n";
		};
		A21BF2CE9641117E14698C8A /* [CP] Embed Pods Frameworks */ = {
			isa = PBXShellScriptBuildPhase;
			buildActionMask = 2147483647;
			files = (
			);
			inputFileListPaths = (
				"${PODS_ROOT}/Target Support Files/Pods-OCRunnerDemoTests/Pods-OCRunnerDemoTests-frameworks-${CONFIGURATION}-input-files.xcfilelist",
			);
			name = "[CP] Embed Pods Frameworks";
			outputFileListPaths = (
				"${PODS_ROOT}/Target Support Files/Pods-OCRunnerDemoTests/Pods-OCRunnerDemoTests-frameworks-${CONFIGURATION}-output-files.xcfilelist",
			);
			runOnlyForDeploymentPostprocessing = 0;
			shellPath = /bin/sh;
			shellScript = "\"${PODS_ROOT}/Target Support Files/Pods-OCRunnerDemoTests/Pods-OCRunnerDemoTests-frameworks.sh\"\n";
			showEnvVarsInLog = 0;
		};
		ECC75E2B37FCA0D7E0C662E2 /* [CP] Embed Pods Frameworks */ = {
			isa = PBXShellScriptBuildPhase;
			buildActionMask = 2147483647;
			files = (
			);
			inputFileListPaths = (
				"${PODS_ROOT}/Target Support Files/Pods-OCRunnerDemo/Pods-OCRunnerDemo-frameworks-${CONFIGURATION}-input-files.xcfilelist",
			);
			name = "[CP] Embed Pods Frameworks";
			outputFileListPaths = (
				"${PODS_ROOT}/Target Support Files/Pods-OCRunnerDemo/Pods-OCRunnerDemo-frameworks-${CONFIGURATION}-output-files.xcfilelist",
			);
			runOnlyForDeploymentPostprocessing = 0;
			shellPath = /bin/sh;
			shellScript = "\"${PODS_ROOT}/Target Support Files/Pods-OCRunnerDemo/Pods-OCRunnerDemo-frameworks.sh\"\n";
			showEnvVarsInLog = 0;
		};
		EE66C0B824FEA72A00C85B31 /* PatchGeneratorBinary */ = {
			isa = PBXShellScriptBuildPhase;
			buildActionMask = 2147483647;
			files = (
			);
			inputFileListPaths = (
			);
			inputPaths = (
			);
			name = PatchGeneratorBinary;
			outputFileListPaths = (
			);
			outputPaths = (
			);
			runOnlyForDeploymentPostprocessing = 0;
			shellPath = /bin/sh;
			shellScript = "$SRCROOT/OCRunnerDemo/PatchGenerator -files $SRCROOT/OCRunnerDemo/HotPath -refs  $SRCROOT/OCRunnerDemo/Scripts.bundle -output $SRCROOT/OCRunnerDemo/binarypatch\n";
		};
/* End PBXShellScriptBuildPhase section */

/* Begin PBXSourcesBuildPhase section */
		EE480E8A24794CDA003E4970 /* Sources */ = {
			isa = PBXSourcesBuildPhase;
			buildActionMask = 2147483647;
			files = (
				EEF439342620030E0058B805 /* SwiftViewController.swift in Sources */,
				EE480E9924794CDA003E4970 /* ViewController.m in Sources */,
				EE480E9324794CDA003E4970 /* AppDelegate.m in Sources */,
				EE480EA424794CDB003E4970 /* main.m in Sources */,
				EE48547F263ACB5D0080AE07 /* SwiftViewController1.swift in Sources */,
			);
			runOnlyForDeploymentPostprocessing = 0;
		};
		EE480EA524794CDB003E4970 /* Sources */ = {
			isa = PBXSourcesBuildPhase;
			buildActionMask = 2147483647;
			files = (
				EEBF3350248E84AA00DDE2E9 /* ORGCDTests.m in Sources */,
				EEBF334D248E84AA00DDE2E9 /* ORCallSuperNoArgTest.m in Sources */,
				EEBF3351248E84AA00DDE2E9 /* ORTestReplaceClass.m in Sources */,
				EEBF3353248E84D100DDE2E9 /* ORTestWithObjc.m in Sources */,
				EECD490D28AA831B00253282 /* ORHookNatvieMultiSuperCall.m in Sources */,
				EEBF334E248E84AA00DDE2E9 /* ORTestClassProperty.m in Sources */,
				18C746632679EFB700317C75 /* ORParserForTest.m in Sources */,
				04A634D125E4AB5A00DB31A6 /* ORRecoverClass.m in Sources */,
				EEBF334F248E84AA00DDE2E9 /* ORTestClassIvar.m in Sources */,
				EEBF334C248E84AA00DDE2E9 /* ORCallOCPropertyBlockTest.m in Sources */,
				17C0530A274F338300EB0BB2 /* TestFakeModel.m in Sources */,
				EEBF333E248E848100DDE2E9 /* OCRunnerTests.swift in Sources */,
				EEF1527D24DE867400574FA7 /* ORCoreFunctionTests.m in Sources */,
				0480FEE82580A77F00D6D914 /* ORWeakPropertyAndIvar.m in Sources */,
			);
			runOnlyForDeploymentPostprocessing = 0;
		};
/* End PBXSourcesBuildPhase section */

/* Begin PBXTargetDependency section */
		EE480EAB24794CDB003E4970 /* PBXTargetDependency */ = {
			isa = PBXTargetDependency;
			target = EE480E8D24794CDA003E4970 /* OCRunnerDemo */;
			targetProxy = EE480EAA24794CDB003E4970 /* PBXContainerItemProxy */;
		};
/* End PBXTargetDependency section */

/* Begin PBXVariantGroup section */
		EE480E9A24794CDA003E4970 /* Main.storyboard */ = {
			isa = PBXVariantGroup;
			children = (
				EE480E9B24794CDA003E4970 /* Base */,
			);
			name = Main.storyboard;
			sourceTree = "<group>";
		};
		EE480E9F24794CDB003E4970 /* LaunchScreen.storyboard */ = {
			isa = PBXVariantGroup;
			children = (
				EE480EA024794CDB003E4970 /* Base */,
			);
			name = LaunchScreen.storyboard;
			sourceTree = "<group>";
		};
/* End PBXVariantGroup section */

/* Begin XCBuildConfiguration section */
		EE480EBB24794CDB003E4970 /* Debug */ = {
			isa = XCBuildConfiguration;
			buildSettings = {
				ALWAYS_SEARCH_USER_PATHS = NO;
				CLANG_ANALYZER_NONNULL = YES;
				CLANG_ANALYZER_NUMBER_OBJECT_CONVERSION = YES_AGGRESSIVE;
				CLANG_CXX_LANGUAGE_STANDARD = "gnu++14";
				CLANG_CXX_LIBRARY = "libc++";
				CLANG_ENABLE_MODULES = YES;
				CLANG_ENABLE_OBJC_ARC = YES;
				CLANG_ENABLE_OBJC_WEAK = YES;
				CLANG_WARN_BLOCK_CAPTURE_AUTORELEASING = YES;
				CLANG_WARN_BOOL_CONVERSION = YES;
				CLANG_WARN_COMMA = YES;
				CLANG_WARN_CONSTANT_CONVERSION = YES;
				CLANG_WARN_DEPRECATED_OBJC_IMPLEMENTATIONS = YES;
				CLANG_WARN_DIRECT_OBJC_ISA_USAGE = YES_ERROR;
				CLANG_WARN_DOCUMENTATION_COMMENTS = YES;
				CLANG_WARN_EMPTY_BODY = YES;
				CLANG_WARN_ENUM_CONVERSION = YES;
				CLANG_WARN_INFINITE_RECURSION = YES;
				CLANG_WARN_INT_CONVERSION = YES;
				CLANG_WARN_NON_LITERAL_NULL_CONVERSION = YES;
				CLANG_WARN_OBJC_IMPLICIT_RETAIN_SELF = YES;
				CLANG_WARN_OBJC_LITERAL_CONVERSION = YES;
				CLANG_WARN_OBJC_ROOT_CLASS = YES_ERROR;
				CLANG_WARN_RANGE_LOOP_ANALYSIS = YES;
				CLANG_WARN_STRICT_PROTOTYPES = YES;
				CLANG_WARN_SUSPICIOUS_MOVE = YES;
				CLANG_WARN_UNGUARDED_AVAILABILITY = YES_AGGRESSIVE;
				CLANG_WARN_UNREACHABLE_CODE = YES;
				CLANG_WARN__DUPLICATE_METHOD_MATCH = YES;
				COPY_PHASE_STRIP = NO;
				DEBUG_INFORMATION_FORMAT = dwarf;
				ENABLE_STRICT_OBJC_MSGSEND = YES;
				ENABLE_TESTABILITY = YES;
				GCC_C_LANGUAGE_STANDARD = gnu11;
				GCC_DYNAMIC_NO_PIC = NO;
				GCC_NO_COMMON_BLOCKS = YES;
				GCC_OPTIMIZATION_LEVEL = 0;
				GCC_PREPROCESSOR_DEFINITIONS = (
					"DEBUG=1",
					"$(inherited)",
				);
				GCC_WARN_64_TO_32_BIT_CONVERSION = YES;
				GCC_WARN_ABOUT_RETURN_TYPE = YES_ERROR;
				GCC_WARN_UNDECLARED_SELECTOR = YES;
				GCC_WARN_UNINITIALIZED_AUTOS = YES_AGGRESSIVE;
				GCC_WARN_UNUSED_FUNCTION = YES;
				GCC_WARN_UNUSED_VARIABLE = YES;
				IPHONEOS_DEPLOYMENT_TARGET = 13.5;
				MTL_ENABLE_DEBUG_INFO = INCLUDE_SOURCE;
				MTL_FAST_MATH = YES;
				ONLY_ACTIVE_ARCH = YES;
				SDKROOT = iphoneos;
			};
			name = Debug;
		};
		EE480EBC24794CDB003E4970 /* Release */ = {
			isa = XCBuildConfiguration;
			buildSettings = {
				ALWAYS_SEARCH_USER_PATHS = NO;
				CLANG_ANALYZER_NONNULL = YES;
				CLANG_ANALYZER_NUMBER_OBJECT_CONVERSION = YES_AGGRESSIVE;
				CLANG_CXX_LANGUAGE_STANDARD = "gnu++14";
				CLANG_CXX_LIBRARY = "libc++";
				CLANG_ENABLE_MODULES = YES;
				CLANG_ENABLE_OBJC_ARC = YES;
				CLANG_ENABLE_OBJC_WEAK = YES;
				CLANG_WARN_BLOCK_CAPTURE_AUTORELEASING = YES;
				CLANG_WARN_BOOL_CONVERSION = YES;
				CLANG_WARN_COMMA = YES;
				CLANG_WARN_CONSTANT_CONVERSION = YES;
				CLANG_WARN_DEPRECATED_OBJC_IMPLEMENTATIONS = YES;
				CLANG_WARN_DIRECT_OBJC_ISA_USAGE = YES_ERROR;
				CLANG_WARN_DOCUMENTATION_COMMENTS = YES;
				CLANG_WARN_EMPTY_BODY = YES;
				CLANG_WARN_ENUM_CONVERSION = YES;
				CLANG_WARN_INFINITE_RECURSION = YES;
				CLANG_WARN_INT_CONVERSION = YES;
				CLANG_WARN_NON_LITERAL_NULL_CONVERSION = YES;
				CLANG_WARN_OBJC_IMPLICIT_RETAIN_SELF = YES;
				CLANG_WARN_OBJC_LITERAL_CONVERSION = YES;
				CLANG_WARN_OBJC_ROOT_CLASS = YES_ERROR;
				CLANG_WARN_RANGE_LOOP_ANALYSIS = YES;
				CLANG_WARN_STRICT_PROTOTYPES = YES;
				CLANG_WARN_SUSPICIOUS_MOVE = YES;
				CLANG_WARN_UNGUARDED_AVAILABILITY = YES_AGGRESSIVE;
				CLANG_WARN_UNREACHABLE_CODE = YES;
				CLANG_WARN__DUPLICATE_METHOD_MATCH = YES;
				COPY_PHASE_STRIP = NO;
				DEBUG_INFORMATION_FORMAT = "dwarf-with-dsym";
				ENABLE_NS_ASSERTIONS = NO;
				ENABLE_STRICT_OBJC_MSGSEND = YES;
				GCC_C_LANGUAGE_STANDARD = gnu11;
				GCC_NO_COMMON_BLOCKS = YES;
				GCC_WARN_64_TO_32_BIT_CONVERSION = YES;
				GCC_WARN_ABOUT_RETURN_TYPE = YES_ERROR;
				GCC_WARN_UNDECLARED_SELECTOR = YES;
				GCC_WARN_UNINITIALIZED_AUTOS = YES_AGGRESSIVE;
				GCC_WARN_UNUSED_FUNCTION = YES;
				GCC_WARN_UNUSED_VARIABLE = YES;
				IPHONEOS_DEPLOYMENT_TARGET = 13.5;
				MTL_ENABLE_DEBUG_INFO = NO;
				MTL_FAST_MATH = YES;
				SDKROOT = iphoneos;
				VALIDATE_PRODUCT = YES;
			};
			name = Release;
		};
		EE480EBE24794CDB003E4970 /* Debug */ = {
			isa = XCBuildConfiguration;
			baseConfigurationReference = 67BDCC0265C38B9F51A32E8C /* Pods-OCRunnerDemo.debug.xcconfig */;
			buildSettings = {
				ARCHS = "$(ARCHS_STANDARD)";
				ASSETCATALOG_COMPILER_APPICON_NAME = AppIcon;
				CLANG_ENABLE_MODULES = YES;
				CODE_SIGN_STYLE = Automatic;
				DEBUG_INFORMATION_FORMAT = "dwarf-with-dsym";
				DEVELOPMENT_TEAM = Y24269T3LX;
				INFOPLIST_FILE = OCRunnerDemo/Info.plist;
				IPHONEOS_DEPLOYMENT_TARGET = 11.0;
				LD_RUNPATH_SEARCH_PATHS = (
					"$(inherited)",
					"@executable_path/Frameworks",
				);
				PRODUCT_BUNDLE_IDENTIFIER = silverfruity.OCRunnerDemo;
				PRODUCT_NAME = "$(TARGET_NAME)";
				SWIFT_OBJC_BRIDGING_HEADER = "OCRunnerDemo/OCRunnerDemo-Bridging-Header.h";
				SWIFT_OPTIMIZATION_LEVEL = "-Onone";
				SWIFT_VERSION = 5.0;
				TARGETED_DEVICE_FAMILY = "1,2";
			};
			name = Debug;
		};
		EE480EBF24794CDB003E4970 /* Release */ = {
			isa = XCBuildConfiguration;
			baseConfigurationReference = D815354F6FF5505A909B20C9 /* Pods-OCRunnerDemo.release.xcconfig */;
			buildSettings = {
				ARCHS = "$(ARCHS_STANDARD)";
				ASSETCATALOG_COMPILER_APPICON_NAME = AppIcon;
				CLANG_ENABLE_MODULES = YES;
				CODE_SIGN_STYLE = Automatic;
				DEBUG_INFORMATION_FORMAT = "dwarf-with-dsym";
				DEVELOPMENT_TEAM = Y24269T3LX;
				INFOPLIST_FILE = OCRunnerDemo/Info.plist;
				IPHONEOS_DEPLOYMENT_TARGET = 11.0;
				LD_RUNPATH_SEARCH_PATHS = (
					"$(inherited)",
					"@executable_path/Frameworks",
				);
				PRODUCT_BUNDLE_IDENTIFIER = silverfruity.OCRunnerDemo;
				PRODUCT_NAME = "$(TARGET_NAME)";
				SWIFT_OBJC_BRIDGING_HEADER = "OCRunnerDemo/OCRunnerDemo-Bridging-Header.h";
				SWIFT_VERSION = 5.0;
				TARGETED_DEVICE_FAMILY = "1,2";
			};
			name = Release;
		};
		EE480EC124794CDB003E4970 /* Debug */ = {
			isa = XCBuildConfiguration;
			baseConfigurationReference = 78A59A40FE631D2A2F858AB7 /* Pods-OCRunnerDemoTests.debug.xcconfig */;
			buildSettings = {
				ALWAYS_EMBED_SWIFT_STANDARD_LIBRARIES = YES;
				ARCHS = "$(ARCHS_STANDARD)";
				BUNDLE_LOADER = "$(TEST_HOST)";
				CLANG_ENABLE_MODULES = YES;
				"CODE_SIGN_IDENTITY[sdk=macosx*]" = "Apple Development";
				CODE_SIGN_STYLE = Automatic;
				DEVELOPMENT_TEAM = Y24269T3LX;
				INFOPLIST_FILE = OCRunnerDemoTests/Info.plist;
				IPHONEOS_DEPLOYMENT_TARGET = 10.0;
				LD_RUNPATH_SEARCH_PATHS = (
					"$(inherited)",
					"@executable_path/Frameworks",
					"@loader_path/Frameworks",
				);
				PRODUCT_BUNDLE_IDENTIFIER = silverfruity.OCRunnerDemoTests;
				PRODUCT_NAME = "$(TARGET_NAME)";
				SWIFT_OBJC_BRIDGING_HEADER = "OCRunnerDemoTests/OCRunnerDemoTests-Bridging-Header.h";
				SWIFT_OPTIMIZATION_LEVEL = "-Onone";
				SWIFT_VERSION = 5.0;
				TARGETED_DEVICE_FAMILY = 1;
				TEST_HOST = "$(BUILT_PRODUCTS_DIR)/OCRunnerDemo.app/OCRunnerDemo";
			};
			name = Debug;
		};
		EE480EC224794CDB003E4970 /* Release */ = {
			isa = XCBuildConfiguration;
			baseConfigurationReference = 0EA667C064BFFB79847D34F5 /* Pods-OCRunnerDemoTests.release.xcconfig */;
			buildSettings = {
				ALWAYS_EMBED_SWIFT_STANDARD_LIBRARIES = YES;
				ARCHS = "$(ARCHS_STANDARD)";
				BUNDLE_LOADER = "$(TEST_HOST)";
				CLANG_ENABLE_MODULES = YES;
				"CODE_SIGN_IDENTITY[sdk=macosx*]" = "Apple Development";
				CODE_SIGN_STYLE = Automatic;
				DEVELOPMENT_TEAM = Y24269T3LX;
				INFOPLIST_FILE = OCRunnerDemoTests/Info.plist;
				IPHONEOS_DEPLOYMENT_TARGET = 10.0;
				LD_RUNPATH_SEARCH_PATHS = (
					"$(inherited)",
					"@executable_path/Frameworks",
					"@loader_path/Frameworks",
				);
				PRODUCT_BUNDLE_IDENTIFIER = silverfruity.OCRunnerDemoTests;
				PRODUCT_NAME = "$(TARGET_NAME)";
				SWIFT_OBJC_BRIDGING_HEADER = "OCRunnerDemoTests/OCRunnerDemoTests-Bridging-Header.h";
				SWIFT_VERSION = 5.0;
				TARGETED_DEVICE_FAMILY = 1;
				TEST_HOST = "$(BUILT_PRODUCTS_DIR)/OCRunnerDemo.app/OCRunnerDemo";
			};
			name = Release;
		};
/* End XCBuildConfiguration section */

/* Begin XCConfigurationList section */
		EE480E8924794CDA003E4970 /* Build configuration list for PBXProject "OCRunnerDemo" */ = {
			isa = XCConfigurationList;
			buildConfigurations = (
				EE480EBB24794CDB003E4970 /* Debug */,
				EE480EBC24794CDB003E4970 /* Release */,
			);
			defaultConfigurationIsVisible = 0;
			defaultConfigurationName = Release;
		};
		EE480EBD24794CDB003E4970 /* Build configuration list for PBXNativeTarget "OCRunnerDemo" */ = {
			isa = XCConfigurationList;
			buildConfigurations = (
				EE480EBE24794CDB003E4970 /* Debug */,
				EE480EBF24794CDB003E4970 /* Release */,
			);
			defaultConfigurationIsVisible = 0;
			defaultConfigurationName = Release;
		};
		EE480EC024794CDB003E4970 /* Build configuration list for PBXNativeTarget "OCRunnerDemoTests" */ = {
			isa = XCConfigurationList;
			buildConfigurations = (
				EE480EC124794CDB003E4970 /* Debug */,
				EE480EC224794CDB003E4970 /* Release */,
			);
			defaultConfigurationIsVisible = 0;
			defaultConfigurationName = Release;
		};
/* End XCConfigurationList section */
	};
	rootObject = EE480E8624794CDA003E4970 /* Project object */;
}
