PODS:
  - Masonry (1.1.0)
  - MJExtension (3.4.0)
  - MJRefresh (3.7.2)
  - oc2mangoLib (1.2.1):
    - ORPatchFile (= 1.2.2)
  - OCRunner (1.2.12):
    - ORPatchFile (= 1.2.2)
  - ORPatchFile (1.2.2)

DEPENDENCIES:
  - Masonry
  - MJExtension
  - MJRefresh
  - oc2mangoLib (from `../oc2mango`)
  - OCRunner (from `../`)
  - ORPatchFile (from `../oc2mango`)

SPEC REPOS:
  https://github.com/CocoaPods/Specs.git:
    - Masonry
    - MJExtension
    - MJRefresh

EXTERNAL SOURCES:
  oc2mangoLib:
    :path: "../oc2mango"
  OCRunner:
    :path: "../"
  ORPatchFile:
    :path: "../oc2mango"

SPEC CHECKSUMS:
  Masonry: 678fab65091a9290e40e2832a55e7ab731aad201
  MJExtension: 6c15c7b93398447252c0defdb8d69d02d218a41e
  MJRefresh: 30997d30b347c8e9508a4db11e3a690da0c9b85a
  oc2mangoLib: f24f75a921e2e8e5f3ae9f4bb95156d20224e868
  OCRunner: 999fa1088df2d8508935d10a6c41215ce0b316b8
  ORPatchFile: 64d0ffc7eeb96374c901dc2873903b99d36e9bbe

PODFILE CHECKSUM: d046c5d40020c3b90c89a244ebcf4e5d41a68fed

COCOAPODS: 1.12.0
