PODS:
  - Masonry (1.1.0)
  - oc2mangoLib (1.0.3):
    - ORPatchFile (= 1.0.3)
  - OCRunner (1.0.4):
    - ORPatchFile (= 1.0.3)
  - ORPatchFile (1.0.3)

DEPENDENCIES:
  - Masonry
  - oc2mangoLib (from `../oc2mango`)
  - OCRunner (from `../`)
  - ORPatchFile (from `../oc2mango`)

SPEC REPOS:
  https://github.com/CocoaPods/Specs.git:
    - Masonry

EXTERNAL SOURCES:
  oc2mangoLib:
    :path: "../oc2mango"
  OCRunner:
    :path: "../"
  ORPatchFile:
    :path: "../oc2mango"

SPEC CHECKSUMS:
  Masonry: 678fab65091a9290e40e2832a55e7ab731aad201
  oc2mangoLib: 500cdd889d5aebe8d71db859f0925b7bbd372c77
  OCRunner: 2d35aeccde621d1012bb4a62f0be9e64d5334d71
  ORPatchFile: 1398e2386be4f340bf80f8a47e1b75f5cce4fc0d

PODFILE CHECKSUM: 442794f22a36d2ebe5d1dba0d6e31a14cea69242

COCOAPODS: 1.9.3
